
Microsoft Visual Studio Solution File, Format Version 12.00
# Visual Studio Version 16
VisualStudioVersion = 16.0.28922.388
MinimumVisualStudioVersion = 10.0.40219.1
Project("{FAE04EC0-301F-11D3-BF4B-00C04F79EFBC}") = "_01_复习", "_01_复习\_01_复习.csproj", "{98E02603-F4AD-4CB2-A018-F34E8FFBEE2D}"
EndProject
Global
	GlobalSection(SolutionConfigurationPlatforms) = preSolution
		Debug|Any CPU = Debug|Any CPU
		Release|Any CPU = Release|Any CPU
	EndGlobalSection
	GlobalSection(ProjectConfigurationPlatforms) = postSolution
		{98E02603-F4AD-4CB2-A018-F34E8FFBEE2D}.Debug|Any CPU.ActiveCfg = Debug|Any CPU
		{98E02603-F4AD-4CB2-A018-F34E8FFBEE2D}.Debug|Any CPU.Build.0 = Debug|Any CPU
		{98E02603-F4AD-4CB2-A018-F34E8FFBEE2D}.Release|Any CPU.ActiveCfg = Release|Any CPU
		{98E02603-F4AD-4CB2-A018-F34E8FFBEE2D}.Release|Any CPU.Build.0 = Release|Any CPU
	EndGlobalSection
	GlobalSection(SolutionProperties) = preSolution
		HideSolutionNode = FALSE
	EndGlobalSection
	GlobalSection(ExtensibilityGlobals) = postSolution
		SolutionGuid = {6669A534-42F2-4EE9-9495-1BB5CAFE491A}
	EndGlobalSection
EndGlobal
