
Microsoft Visual Studio Solution File, Format Version 12.00
# Visual Studio Version 16
VisualStudioVersion = 16.0.28922.388
MinimumVisualStudioVersion = 10.0.40219.1
Project("{9A19103F-16F7-4668-BE54-9A1E7A4F7556}") = "_01_复习", "_01_复习\_01_复习.csproj", "{98E02603-F4AD-4CB2-A018-F34E8FFBEE2D}"
EndProject
Project("{9A19103F-16F7-4668-BE54-9A1E7A4F7556}") = "_02_里氏转换", "_02_里氏转换\_02_里氏转换.csproj", "{98833887-C6FA-4F1A-82C3-0F5E3E701885}"
EndProject
Project("{9A19103F-16F7-4668-BE54-9A1E7A4F7556}") = "_03_里氏转换练习", "_03_里氏转换练习\_03_里氏转换练习.csproj", "{8FE4E278-6390-4FAB-A666-6C26C4F28607}"
EndProject
Project("{9A19103F-16F7-4668-BE54-9A1E7A4F7556}") = "_04_protected访问修饰符", "_04_protected访问修饰符\_04_protected访问修饰符.csproj", "{E94F6B23-AB58-4013-9CD9-21E7C38CA696}"
EndProject
Project("{9A19103F-16F7-4668-BE54-9A1E7A4F7556}") = "_05_ArrayList集合", "_05_ArrayList集合\_05_ArrayList集合.csproj", "{8216EC53-E489-4DE6-8D5D-EFE53861F701}"
EndProject
Project("{9A19103F-16F7-4668-BE54-9A1E7A4F7556}") = "_06_ToString的问题", "_06_ToString的问题\_06_ToString的问题.csproj", "{AF2FBE19-11C8-4314-A1E5-BD65E81C5B29}"
EndProject
Project("{9A19103F-16F7-4668-BE54-9A1E7A4F7556}") = "_07_ArrayList集合个数与长度问题", "_07_ArrayList集合个数与长度问题\_07_ArrayList集合个数与长度问题.csproj", "{72B7836F-6B0E-44E4-918F-61DD3D528CAA}"
EndProject
Project("{9A19103F-16F7-4668-BE54-9A1E7A4F7556}") = "_08_ArrayList小练习", "_08_ArrayList小练习\_08_ArrayList小练习.csproj", "{3D76504C-9ACC-4219-9587-065DFBD04837}"
EndProject
Project("{9A19103F-16F7-4668-BE54-9A1E7A4F7556}") = "_09_Hashtable键值对集合", "_09_Hashtable键值对集合\_09_Hashtable键值对集合.csproj", "{1182E8DD-1B86-4DEE-87B2-A45015998888}"
EndProject
Project("{9A19103F-16F7-4668-BE54-9A1E7A4F7556}") = "_10_var推断类型", "_10_var推断类型\_10_var推断类型.csproj", "{7A88CE30-6E0C-4D74-83CC-A2179C1F5CC8}"
EndProject
Project("{9A19103F-16F7-4668-BE54-9A1E7A4F7556}") = "_11_foreach循环", "_11_foreach循环\_11_foreach循环.csproj", "{D53B13CD-5FEC-47CF-B885-17B0046B1AB5}"
EndProject
Project("{9A19103F-16F7-4668-BE54-9A1E7A4F7556}") = "_12_Hashtable集合的常用方法", "_12_Hashtable集合的常用方法\_12_Hashtable集合的常用方法.csproj", "{940FB24B-2706-4CF6-AFBB-0F90FAF5C6B9}"
EndProject
Project("{9A19103F-16F7-4668-BE54-9A1E7A4F7556}") = "_12_Hashtable小练习 用户输入123转化为中文", "_12_Hashtable小练习 用户输入123转化为中文\_12_Hashtable小练习 用户输入123转化为中文.csproj", "{AC0043F7-842C-4332-85ED-1A5CE4B9EACB}"
EndProject
Project("{9A19103F-16F7-4668-BE54-9A1E7A4F7556}") = "_13_Path类", "_13_Path类\_13_Path类.csproj", "{FBE8C139-25E8-481D-9AC7-30FF50E3C9AE}"
EndProject
Project("{9A19103F-16F7-4668-BE54-9A1E7A4F7556}") = "_15_File类", "_15_File类\_15_File类.csproj", "{11E1B357-B270-4D09-85F3-268199F8C2E8}"
EndProject
Project("{FAE04EC0-301F-11D3-BF4B-00C04F79EFBC}") = "_16_File类的读写操作", "_16_File类的读写操作\_16_File类的读写操作.csproj", "{BACEE52E-FE0C-4746-9F48-6CA8BA386D77}"
EndProject
Project("{FAE04EC0-301F-11D3-BF4B-00C04F79EFBC}") = "_17_File类的写操作", "_17_File类的写操作\_17_File类的写操作.csproj", "{FD9A3CE7-8A4A-4910-AAFA-7D5A65EE4D44}"
EndProject
Project("{FAE04EC0-301F-11D3-BF4B-00C04F79EFBC}") = "_18_File类小练习", "_18_File类小练习\_18_File类小练习.csproj", "{A7EB7CCF-5BC9-4D3D-9D64-154BA6ECC15E}"
EndProject
Global
	GlobalSection(SolutionConfigurationPlatforms) = preSolution
		Debug|Any CPU = Debug|Any CPU
		Release|Any CPU = Release|Any CPU
	EndGlobalSection
	GlobalSection(ProjectConfigurationPlatforms) = postSolution
		{98E02603-F4AD-4CB2-A018-F34E8FFBEE2D}.Debug|Any CPU.ActiveCfg = Debug|Any CPU
		{98E02603-F4AD-4CB2-A018-F34E8FFBEE2D}.Debug|Any CPU.Build.0 = Debug|Any CPU
		{98E02603-F4AD-4CB2-A018-F34E8FFBEE2D}.Release|Any CPU.ActiveCfg = Release|Any CPU
		{98E02603-F4AD-4CB2-A018-F34E8FFBEE2D}.Release|Any CPU.Build.0 = Release|Any CPU
		{98833887-C6FA-4F1A-82C3-0F5E3E701885}.Debug|Any CPU.ActiveCfg = Debug|Any CPU
		{98833887-C6FA-4F1A-82C3-0F5E3E701885}.Debug|Any CPU.Build.0 = Debug|Any CPU
		{98833887-C6FA-4F1A-82C3-0F5E3E701885}.Release|Any CPU.ActiveCfg = Release|Any CPU
		{98833887-C6FA-4F1A-82C3-0F5E3E701885}.Release|Any CPU.Build.0 = Release|Any CPU
		{8FE4E278-6390-4FAB-A666-6C26C4F28607}.Debug|Any CPU.ActiveCfg = Debug|Any CPU
		{8FE4E278-6390-4FAB-A666-6C26C4F28607}.Debug|Any CPU.Build.0 = Debug|Any CPU
		{8FE4E278-6390-4FAB-A666-6C26C4F28607}.Release|Any CPU.ActiveCfg = Release|Any CPU
		{8FE4E278-6390-4FAB-A666-6C26C4F28607}.Release|Any CPU.Build.0 = Release|Any CPU
		{E94F6B23-AB58-4013-9CD9-21E7C38CA696}.Debug|Any CPU.ActiveCfg = Debug|Any CPU
		{E94F6B23-AB58-4013-9CD9-21E7C38CA696}.Debug|Any CPU.Build.0 = Debug|Any CPU
		{E94F6B23-AB58-4013-9CD9-21E7C38CA696}.Release|Any CPU.ActiveCfg = Release|Any CPU
		{E94F6B23-AB58-4013-9CD9-21E7C38CA696}.Release|Any CPU.Build.0 = Release|Any CPU
		{8216EC53-E489-4DE6-8D5D-EFE53861F701}.Debug|Any CPU.ActiveCfg = Debug|Any CPU
		{8216EC53-E489-4DE6-8D5D-EFE53861F701}.Debug|Any CPU.Build.0 = Debug|Any CPU
		{8216EC53-E489-4DE6-8D5D-EFE53861F701}.Release|Any CPU.ActiveCfg = Release|Any CPU
		{8216EC53-E489-4DE6-8D5D-EFE53861F701}.Release|Any CPU.Build.0 = Release|Any CPU
		{AF2FBE19-11C8-4314-A1E5-BD65E81C5B29}.Debug|Any CPU.ActiveCfg = Debug|Any CPU
		{AF2FBE19-11C8-4314-A1E5-BD65E81C5B29}.Debug|Any CPU.Build.0 = Debug|Any CPU
		{AF2FBE19-11C8-4314-A1E5-BD65E81C5B29}.Release|Any CPU.ActiveCfg = Release|Any CPU
		{AF2FBE19-11C8-4314-A1E5-BD65E81C5B29}.Release|Any CPU.Build.0 = Release|Any CPU
		{72B7836F-6B0E-44E4-918F-61DD3D528CAA}.Debug|Any CPU.ActiveCfg = Debug|Any CPU
		{72B7836F-6B0E-44E4-918F-61DD3D528CAA}.Debug|Any CPU.Build.0 = Debug|Any CPU
		{72B7836F-6B0E-44E4-918F-61DD3D528CAA}.Release|Any CPU.ActiveCfg = Release|Any CPU
		{72B7836F-6B0E-44E4-918F-61DD3D528CAA}.Release|Any CPU.Build.0 = Release|Any CPU
		{3D76504C-9ACC-4219-9587-065DFBD04837}.Debug|Any CPU.ActiveCfg = Debug|Any CPU
		{3D76504C-9ACC-4219-9587-065DFBD04837}.Debug|Any CPU.Build.0 = Debug|Any CPU
		{3D76504C-9ACC-4219-9587-065DFBD04837}.Release|Any CPU.ActiveCfg = Release|Any CPU
		{3D76504C-9ACC-4219-9587-065DFBD04837}.Release|Any CPU.Build.0 = Release|Any CPU
		{1182E8DD-1B86-4DEE-87B2-A45015998888}.Debug|Any CPU.ActiveCfg = Debug|Any CPU
		{1182E8DD-1B86-4DEE-87B2-A45015998888}.Debug|Any CPU.Build.0 = Debug|Any CPU
		{1182E8DD-1B86-4DEE-87B2-A45015998888}.Release|Any CPU.ActiveCfg = Release|Any CPU
		{1182E8DD-1B86-4DEE-87B2-A45015998888}.Release|Any CPU.Build.0 = Release|Any CPU
		{7A88CE30-6E0C-4D74-83CC-A2179C1F5CC8}.Debug|Any CPU.ActiveCfg = Debug|Any CPU
		{7A88CE30-6E0C-4D74-83CC-A2179C1F5CC8}.Debug|Any CPU.Build.0 = Debug|Any CPU
		{7A88CE30-6E0C-4D74-83CC-A2179C1F5CC8}.Release|Any CPU.ActiveCfg = Release|Any CPU
		{7A88CE30-6E0C-4D74-83CC-A2179C1F5CC8}.Release|Any CPU.Build.0 = Release|Any CPU
		{D53B13CD-5FEC-47CF-B885-17B0046B1AB5}.Debug|Any CPU.ActiveCfg = Debug|Any CPU
		{D53B13CD-5FEC-47CF-B885-17B0046B1AB5}.Debug|Any CPU.Build.0 = Debug|Any CPU
		{D53B13CD-5FEC-47CF-B885-17B0046B1AB5}.Release|Any CPU.ActiveCfg = Release|Any CPU
		{D53B13CD-5FEC-47CF-B885-17B0046B1AB5}.Release|Any CPU.Build.0 = Release|Any CPU
		{940FB24B-2706-4CF6-AFBB-0F90FAF5C6B9}.Debug|Any CPU.ActiveCfg = Debug|Any CPU
		{940FB24B-2706-4CF6-AFBB-0F90FAF5C6B9}.Debug|Any CPU.Build.0 = Debug|Any CPU
		{940FB24B-2706-4CF6-AFBB-0F90FAF5C6B9}.Release|Any CPU.ActiveCfg = Release|Any CPU
		{940FB24B-2706-4CF6-AFBB-0F90FAF5C6B9}.Release|Any CPU.Build.0 = Release|Any CPU
		{AC0043F7-842C-4332-85ED-1A5CE4B9EACB}.Debug|Any CPU.ActiveCfg = Debug|Any CPU
		{AC0043F7-842C-4332-85ED-1A5CE4B9EACB}.Debug|Any CPU.Build.0 = Debug|Any CPU
		{AC0043F7-842C-4332-85ED-1A5CE4B9EACB}.Release|Any CPU.ActiveCfg = Release|Any CPU
		{AC0043F7-842C-4332-85ED-1A5CE4B9EACB}.Release|Any CPU.Build.0 = Release|Any CPU
		{FBE8C139-25E8-481D-9AC7-30FF50E3C9AE}.Debug|Any CPU.ActiveCfg = Debug|Any CPU
		{FBE8C139-25E8-481D-9AC7-30FF50E3C9AE}.Debug|Any CPU.Build.0 = Debug|Any CPU
		{FBE8C139-25E8-481D-9AC7-30FF50E3C9AE}.Release|Any CPU.ActiveCfg = Release|Any CPU
		{FBE8C139-25E8-481D-9AC7-30FF50E3C9AE}.Release|Any CPU.Build.0 = Release|Any CPU
		{11E1B357-B270-4D09-85F3-268199F8C2E8}.Debug|Any CPU.ActiveCfg = Debug|Any CPU
		{11E1B357-B270-4D09-85F3-268199F8C2E8}.Debug|Any CPU.Build.0 = Debug|Any CPU
		{11E1B357-B270-4D09-85F3-268199F8C2E8}.Release|Any CPU.ActiveCfg = Release|Any CPU
		{11E1B357-B270-4D09-85F3-268199F8C2E8}.Release|Any CPU.Build.0 = Release|Any CPU
		{BACEE52E-FE0C-4746-9F48-6CA8BA386D77}.Debug|Any CPU.ActiveCfg = Debug|Any CPU
		{BACEE52E-FE0C-4746-9F48-6CA8BA386D77}.Debug|Any CPU.Build.0 = Debug|Any CPU
		{BACEE52E-FE0C-4746-9F48-6CA8BA386D77}.Release|Any CPU.ActiveCfg = Release|Any CPU
		{BACEE52E-FE0C-4746-9F48-6CA8BA386D77}.Release|Any CPU.Build.0 = Release|Any CPU
		{FD9A3CE7-8A4A-4910-AAFA-7D5A65EE4D44}.Debug|Any CPU.ActiveCfg = Debug|Any CPU
		{FD9A3CE7-8A4A-4910-AAFA-7D5A65EE4D44}.Debug|Any CPU.Build.0 = Debug|Any CPU
		{FD9A3CE7-8A4A-4910-AAFA-7D5A65EE4D44}.Release|Any CPU.ActiveCfg = Release|Any CPU
		{FD9A3CE7-8A4A-4910-AAFA-7D5A65EE4D44}.Release|Any CPU.Build.0 = Release|Any CPU
		{A7EB7CCF-5BC9-4D3D-9D64-154BA6ECC15E}.Debug|Any CPU.ActiveCfg = Debug|Any CPU
		{A7EB7CCF-5BC9-4D3D-9D64-154BA6ECC15E}.Debug|Any CPU.Build.0 = Debug|Any CPU
		{A7EB7CCF-5BC9-4D3D-9D64-154BA6ECC15E}.Release|Any CPU.ActiveCfg = Release|Any CPU
		{A7EB7CCF-5BC9-4D3D-9D64-154BA6ECC15E}.Release|Any CPU.Build.0 = Release|Any CPU
	EndGlobalSection
	GlobalSection(SolutionProperties) = preSolution
		HideSolutionNode = FALSE
	EndGlobalSection
	GlobalSection(ExtensibilityGlobals) = postSolution
		SolutionGuid = {6669A534-42F2-4EE9-9495-1BB5CAFE491A}
	EndGlobalSection
EndGlobal
